
Microsoft Visual Studio Solution File, Format Version 12.00
# Visual Studio 15
VisualStudioVersion = 15.0.28010.2026
MinimumVisualStudioVersion = 10.0.40219.1
Project("{FAE04EC0-301F-11D3-BF4B-00C04F79EFBC}") = "TaskLinqApp", "TaskLinqApp\TaskLinqApp.csproj", "{AEBFA78D-FD79-4857-BD42-C4C5FEA14613}"
EndProject
Project("{FAE04EC0-301F-11D3-BF4B-00C04F79EFBC}") = "TaskLinqLib", "TaskLinqLib\TaskLinqLib.csproj", "{8D0C8147-75CD-470C-84E1-4866A73EC8A1}"
EndProject
Global
	GlobalSection(SolutionConfigurationPlatforms) = preSolution
		Debug|Any CPU = Debug|Any CPU
		Release|Any CPU = Release|Any CPU
	EndGlobalSection
	GlobalSection(ProjectConfigurationPlatforms) = postSolution
		{AEBFA78D-FD79-4857-BD42-C4C5FEA14613}.Debug|Any CPU.ActiveCfg = Debug|Any CPU
		{AEBFA78D-FD79-4857-BD42-C4C5FEA14613}.Debug|Any CPU.Build.0 = Debug|Any CPU
		{AEBFA78D-FD79-4857-BD42-C4C5FEA14613}.Release|Any CPU.ActiveCfg = Release|Any CPU
		{AEBFA78D-FD79-4857-BD42-C4C5FEA14613}.Release|Any CPU.Build.0 = Release|Any CPU
		{8D0C8147-75CD-470C-84E1-4866A73EC8A1}.Debug|Any CPU.ActiveCfg = Debug|Any CPU
		{8D0C8147-75CD-470C-84E1-4866A73EC8A1}.Debug|Any CPU.Build.0 = Debug|Any CPU
		{8D0C8147-75CD-470C-84E1-4866A73EC8A1}.Release|Any CPU.ActiveCfg = Release|Any CPU
		{8D0C8147-75CD-470C-84E1-4866A73EC8A1}.Release|Any CPU.Build.0 = Release|Any CPU
	EndGlobalSection
	GlobalSection(SolutionProperties) = preSolution
		HideSolutionNode = FALSE
	EndGlobalSection
	GlobalSection(ExtensibilityGlobals) = postSolution
		SolutionGuid = {2B45D5C0-613D-4F63-AC93-0F4EF2E1F9BF}
	EndGlobalSection
EndGlobal
